
Microsoft Visual Studio Solution File, Format Version 12.00
# Visual Studio Version 17
VisualStudioVersion = 17.6.33815.320
MinimumVisualStudioVersion = 10.0.40219.1
Project("{FAE04EC0-301F-11D3-BF4B-00C04F79EFBC}") = "SerialCommunication", "SerialCommunication\SerialCommunication.csproj", "{79430CAA-85BC-4476-A97C-F73E2DA1C9FB}"
EndProject
Project("{54435603-DBB4-11D2-8724-00A0C9A8B90C}") = "Setup1", "Setup1\Setup1.vdproj", "{8B43E103-C415-406B-B3F6-4A7D0928BDF5}"
EndProject
Global
	GlobalSection(SolutionConfigurationPlatforms) = preSolution
		Debug|Any CPU = Debug|Any CPU
		Release|Any CPU = Release|Any CPU
	EndGlobalSection
	GlobalSection(ProjectConfigurationPlatforms) = postSolution
		{79430CAA-85BC-4476-A97C-F73E2DA1C9FB}.Debug|Any CPU.ActiveCfg = Debug|Any CPU
		{79430CAA-85BC-4476-A97C-F73E2DA1C9FB}.Debug|Any CPU.Build.0 = Debug|Any CPU
		{79430CAA-85BC-4476-A97C-F73E2DA1C9FB}.Release|Any CPU.ActiveCfg = Release|Any CPU
		{79430CAA-85BC-4476-A97C-F73E2DA1C9FB}.Release|Any CPU.Build.0 = Release|Any CPU
		{8B43E103-C415-406B-B3F6-4A7D0928BDF5}.Debug|Any CPU.ActiveCfg = Debug
		{8B43E103-C415-406B-B3F6-4A7D0928BDF5}.Release|Any CPU.ActiveCfg = Release
	EndGlobalSection
	GlobalSection(SolutionProperties) = preSolution
		HideSolutionNode = FALSE
	EndGlobalSection
	GlobalSection(ExtensibilityGlobals) = postSolution
		SolutionGuid = {D7F4CB17-72E5-4BB5-A9A9-D5F6A4F55597}
	EndGlobalSection
EndGlobal
